
Microsoft Visual Studio Solution File, Format Version 11.00
# Visual Studio 2010
Project("{FAE04EC0-301F-11D3-BF4B-00C04F79EFBC}") = "AmxMobile.Phone7.HelloWorld", "AmxMobile.Phone7.HelloWorld\AmxMobile.Phone7.HelloWorld.csproj", "{7490BB09-1CA1-42F8-88B7-5C9BED646506}"
EndProject
Global
	GlobalSection(SourceCodeControl) = preSolution
		SccNumberOfProjects = 2
		SccLocalPath0 = .
		CanCheckoutShared = false
		SccProjectUniqueName1 = AmxMobile.Phone7.HelloWorld\\AmxMobile.Phone7.HelloWorld.csproj
		SccLocalPath1 = .
		CanCheckoutShared = false
		SccProjectFilePathRelativizedFromConnection1 = AmxMobile.Phone7.HelloWorld\\
	EndGlobalSection
	GlobalSection(SolutionConfigurationPlatforms) = preSolution
		Debug|Any CPU = Debug|Any CPU
		Release|Any CPU = Release|Any CPU
	EndGlobalSection
	GlobalSection(ProjectConfigurationPlatforms) = postSolution
		{7490BB09-1CA1-42F8-88B7-5C9BED646506}.Debug|Any CPU.ActiveCfg = Debug|Any CPU
		{7490BB09-1CA1-42F8-88B7-5C9BED646506}.Debug|Any CPU.Build.0 = Debug|Any CPU
		{7490BB09-1CA1-42F8-88B7-5C9BED646506}.Debug|Any CPU.Deploy.0 = Debug|Any CPU
		{7490BB09-1CA1-42F8-88B7-5C9BED646506}.Release|Any CPU.ActiveCfg = Release|Any CPU
		{7490BB09-1CA1-42F8-88B7-5C9BED646506}.Release|Any CPU.Build.0 = Release|Any CPU
		{7490BB09-1CA1-42F8-88B7-5C9BED646506}.Release|Any CPU.Deploy.0 = Release|Any CPU
	EndGlobalSection
	GlobalSection(SolutionProperties) = preSolution
		HideSolutionNode = FALSE
	EndGlobalSection
EndGlobal
